// !$*UTF8*$!
{
	archiveVersion = 1;
	classes = {
	};
	objectVersion = 56;
	objects = {

/* Begin PBXBuildFile section */
		1C3B762A2BB61D7A008339D6 /* OnTrackApp.swift in Sources */ = {isa = PBXBuildFile; fileRef = 1C3B76292BB61D7A008339D6 /* OnTrackApp.swift */; };
		1C3B762C2BB61D7A008339D6 /* ContentView.swift in Sources */ = {isa = PBXBuildFile; fileRef = 1C3B762B2BB61D7A008339D6 /* ContentView.swift */; };
		1C3B762E2BB61D7C008339D6 /* Assets.xcassets in Resources */ = {isa = PBXBuildFile; fileRef = 1C3B762D2BB61D7C008339D6 /* Assets.xcassets */; };
		1C3B76312BB61D7C008339D6 /* Preview Assets.xcassets in Resources */ = {isa = PBXBuildFile; fileRef = 1C3B76302BB61D7C008339D6 /* Preview Assets.xcassets */; };
		1C3B763B2BB61D7C008339D6 /* OnTrackTests.swift in Sources */ = {isa = PBXBuildFile; fileRef = 1C3B763A2BB61D7C008339D6 /* OnTrackTests.swift */; };
		1C3B76452BB61D7C008339D6 /* OnTrackUITests.swift in Sources */ = {isa = PBXBuildFile; fileRef = 1C3B76442BB61D7C008339D6 /* OnTrackUITests.swift */; };
		1C3B76472BB61D7C008339D6 /* OnTrackUITestsLaunchTests.swift in Sources */ = {isa = PBXBuildFile; fileRef = 1C3B76462BB61D7C008339D6 /* OnTrackUITestsLaunchTests.swift */; };
		FF8C179E2BC5BC5A004D39D7 /* OnboardingView.swift in Sources */ = {isa = PBXBuildFile; fileRef = FF8C17982BC5BC5A004D39D7 /* OnboardingView.swift */; };
		FF8C179F2BC5BC5A004D39D7 /* Routine.swift in Sources */ = {isa = PBXBuildFile; fileRef = FF8C17992BC5BC5A004D39D7 /* Routine.swift */; };
		FF8C17A02BC5BC5A004D39D7 /* SelectedRoutineView.swift in Sources */ = {isa = PBXBuildFile; fileRef = FF8C179A2BC5BC5A004D39D7 /* SelectedRoutineView.swift */; };
		FF8C17A12BC5BC5A004D39D7 /* ViewModel.swift in Sources */ = {isa = PBXBuildFile; fileRef = FF8C179B2BC5BC5A004D39D7 /* ViewModel.swift */; };
		FF8C17A22BC5BC5A004D39D7 /* AddRoutineView.swift in Sources */ = {isa = PBXBuildFile; fileRef = FF8C179C2BC5BC5A004D39D7 /* AddRoutineView.swift */; };
/* End PBXBuildFile section */

/* Begin PBXContainerItemProxy section */
		1C3B76372BB61D7C008339D6 /* PBXContainerItemProxy */ = {
			isa = PBXContainerItemProxy;
			containerPortal = 1C3B761E2BB61D7A008339D6 /* Project object */;
			proxyType = 1;
			remoteGlobalIDString = 1C3B76252BB61D7A008339D6;
			remoteInfo = OnTrack;
		};
		1C3B76412BB61D7C008339D6 /* PBXContainerItemProxy */ = {
			isa = PBXContainerItemProxy;
			containerPortal = 1C3B761E2BB61D7A008339D6 /* Project object */;
			proxyType = 1;
			remoteGlobalIDString = 1C3B76252BB61D7A008339D6;
			remoteInfo = OnTrack;
		};
/* End PBXContainerItemProxy section */

/* Begin PBXFileReference section */
		1C3B76262BB61D7A008339D6 /* OnTrack.app */ = {isa = PBXFileReference; explicitFileType = wrapper.application; includeInIndex = 0; path = OnTrack.app; sourceTree = BUILT_PRODUCTS_DIR; };
		1C3B76292BB61D7A008339D6 /* OnTrackApp.swift */ = {isa = PBXFileReference; lastKnownFileType = sourcecode.swift; path = OnTrackApp.swift; sourceTree = "<group>"; };
		1C3B762B2BB61D7A008339D6 /* ContentView.swift */ = {isa = PBXFileReference; lastKnownFileType = sourcecode.swift; path = ContentView.swift; sourceTree = "<group>"; };
		1C3B762D2BB61D7C008339D6 /* Assets.xcassets */ = {isa = PBXFileReference; lastKnownFileType = folder.assetcatalog; path = Assets.xcassets; sourceTree = "<group>"; };
		1C3B76302BB61D7C008339D6 /* Preview Assets.xcassets */ = {isa = PBXFileReference; lastKnownFileType = folder.assetcatalog; path = "Preview Assets.xcassets"; sourceTree = "<group>"; };
		1C3B76362BB61D7C008339D6 /* OnTrackTests.xctest */ = {isa = PBXFileReference; explicitFileType = wrapper.cfbundle; includeInIndex = 0; path = OnTrackTests.xctest; sourceTree = BUILT_PRODUCTS_DIR; };
		1C3B763A2BB61D7C008339D6 /* OnTrackTests.swift */ = {isa = PBXFileReference; lastKnownFileType = sourcecode.swift; path = OnTrackTests.swift; sourceTree = "<group>"; };
		1C3B76402BB61D7C008339D6 /* OnTrackUITests.xctest */ = {isa = PBXFileReference; explicitFileType = wrapper.cfbundle; includeInIndex = 0; path = OnTrackUITests.xctest; sourceTree = BUILT_PRODUCTS_DIR; };
		1C3B76442BB61D7C008339D6 /* OnTrackUITests.swift */ = {isa = PBXFileReference; lastKnownFileType = sourcecode.swift; path = OnTrackUITests.swift; sourceTree = "<group>"; };
		1C3B76462BB61D7C008339D6 /* OnTrackUITestsLaunchTests.swift */ = {isa = PBXFileReference; lastKnownFileType = sourcecode.swift; path = OnTrackUITestsLaunchTests.swift; sourceTree = "<group>"; };
		FF8C17982BC5BC5A004D39D7 /* OnboardingView.swift */ = {isa = PBXFileReference; fileEncoding = 4; lastKnownFileType = sourcecode.swift; path = OnboardingView.swift; sourceTree = "<group>"; };
		FF8C17992BC5BC5A004D39D7 /* Routine.swift */ = {isa = PBXFileReference; fileEncoding = 4; lastKnownFileType = sourcecode.swift; path = Routine.swift; sourceTree = "<group>"; };
		FF8C179A2BC5BC5A004D39D7 /* SelectedRoutineView.swift */ = {isa = PBXFileReference; fileEncoding = 4; lastKnownFileType = sourcecode.swift; path = SelectedRoutineView.swift; sourceTree = "<group>"; };
		FF8C179B2BC5BC5A004D39D7 /* ViewModel.swift */ = {isa = PBXFileReference; fileEncoding = 4; lastKnownFileType = sourcecode.swift; path = ViewModel.swift; sourceTree = "<group>"; };
		FF8C179C2BC5BC5A004D39D7 /* AddRoutineView.swift */ = {isa = PBXFileReference; fileEncoding = 4; lastKnownFileType = sourcecode.swift; path = AddRoutineView.swift; sourceTree = "<group>"; };
/* End PBXFileReference section */

/* Begin PBXFrameworksBuildPhase section */
		1C3B76232BB61D7A008339D6 /* Frameworks */ = {
			isa = PBXFrameworksBuildPhase;
			buildActionMask = 2147483647;
			files = (
			);
			runOnlyForDeploymentPostprocessing = 0;
		};
		1C3B76332BB61D7C008339D6 /* Frameworks */ = {
			isa = PBXFrameworksBuildPhase;
			buildActionMask = 2147483647;
			files = (
			);
			runOnlyForDeploymentPostprocessing = 0;
		};
		1C3B763D2BB61D7C008339D6 /* Frameworks */ = {
			isa = PBXFrameworksBuildPhase;
			buildActionMask = 2147483647;
			files = (
			);
			runOnlyForDeploymentPostprocessing = 0;
		};
/* End PBXFrameworksBuildPhase section */

/* Begin PBXGroup section */
		1C3B761D2BB61D7A008339D6 = {
			isa = PBXGroup;
			children = (
				1C3B76282BB61D7A008339D6 /* OnTrack */,
				1C3B76392BB61D7C008339D6 /* OnTrackTests */,
				1C3B76432BB61D7C008339D6 /* OnTrackUITests */,
				1C3B76272BB61D7A008339D6 /* Products */,
			);
			sourceTree = "<group>";
		};
		1C3B76272BB61D7A008339D6 /* Products */ = {
			isa = PBXGroup;
			children = (
				1C3B76262BB61D7A008339D6 /* OnTrack.app */,
				1C3B76362BB61D7C008339D6 /* OnTrackTests.xctest */,
				1C3B76402BB61D7C008339D6 /* OnTrackUITests.xctest */,
			);
			name = Products;
			sourceTree = "<group>";
		};
		1C3B76282BB61D7A008339D6 /* OnTrack */ = {
			isa = PBXGroup;
			children = (
				1C3B76292BB61D7A008339D6 /* OnTrackApp.swift */,
				FF8C179C2BC5BC5A004D39D7 /* AddRoutineView.swift */,
				1C3B762B2BB61D7A008339D6 /* ContentView.swift */,
				FF8C17982BC5BC5A004D39D7 /* OnboardingView.swift */,
				FF8C17992BC5BC5A004D39D7 /* Routine.swift */,
				FF8C179A2BC5BC5A004D39D7 /* SelectedRoutineView.swift */,
				FF8C179B2BC5BC5A004D39D7 /* ViewModel.swift */,
				1C3B762D2BB61D7C008339D6 /* Assets.xcassets */,
				1C3B762F2BB61D7C008339D6 /* Preview Content */,
			);
			path = OnTrack;
			sourceTree = "<group>";
		};
		1C3B762F2BB61D7C008339D6 /* Preview Content */ = {
			isa = PBXGroup;
			children = (
				1C3B76302BB61D7C008339D6 /* Preview Assets.xcassets */,
			);
			path = "Preview Content";
			sourceTree = "<group>";
		};
		1C3B76392BB61D7C008339D6 /* OnTrackTests */ = {
			isa = PBXGroup;
			children = (
				1C3B763A2BB61D7C008339D6 /* OnTrackTests.swift */,
			);
			path = OnTrackTests;
			sourceTree = "<group>";
		};
		1C3B76432BB61D7C008339D6 /* OnTrackUITests */ = {
			isa = PBXGroup;
			children = (
				1C3B76442BB61D7C008339D6 /* OnTrackUITests.swift */,
				1C3B76462BB61D7C008339D6 /* OnTrackUITestsLaunchTests.swift */,
			);
			path = OnTrackUITests;
			sourceTree = "<group>";
		};
/* End PBXGroup section */

/* Begin PBXNativeTarget section */
		1C3B76252BB61D7A008339D6 /* OnTrack */ = {
			isa = PBXNativeTarget;
			buildConfigurationList = 1C3B764A2BB61D7C008339D6 /* Build configuration list for PBXNativeTarget "OnTrack" */;
			buildPhases = (
				1C3B76222BB61D7A008339D6 /* Sources */,
				1C3B76232BB61D7A008339D6 /* Frameworks */,
				1C3B76242BB61D7A008339D6 /* Resources */,
			);
			buildRules = (
			);
			dependencies = (
			);
			name = OnTrack;
			productName = OnTrack;
			productReference = 1C3B76262BB61D7A008339D6 /* OnTrack.app */;
			productType = "com.apple.product-type.application";
		};
		1C3B76352BB61D7C008339D6 /* OnTrackTests */ = {
			isa = PBXNativeTarget;
			buildConfigurationList = 1C3B764D2BB61D7C008339D6 /* Build configuration list for PBXNativeTarget "OnTrackTests" */;
			buildPhases = (
				1C3B76322BB61D7C008339D6 /* Sources */,
				1C3B76332BB61D7C008339D6 /* Frameworks */,
				1C3B76342BB61D7C008339D6 /* Resources */,
			);
			buildRules = (
			);
			dependencies = (
				1C3B76382BB61D7C008339D6 /* PBXTargetDependency */,
			);
			name = OnTrackTests;
			productName = OnTrackTests;
			productReference = 1C3B76362BB61D7C008339D6 /* OnTrackTests.xctest */;
			productType = "com.apple.product-type.bundle.unit-test";
		};
		1C3B763F2BB61D7C008339D6 /* OnTrackUITests */ = {
			isa = PBXNativeTarget;
			buildConfigurationList = 1C3B76502BB61D7C008339D6 /* Build configuration list for PBXNativeTarget "OnTrackUITests" */;
			buildPhases = (
				1C3B763C2BB61D7C008339D6 /* Sources */,
				1C3B763D2BB61D7C008339D6 /* Frameworks */,
				1C3B763E2BB61D7C008339D6 /* Resources */,
			);
			buildRules = (
			);
			dependencies = (
				1C3B76422BB61D7C008339D6 /* PBXTargetDependency */,
			);
			name = OnTrackUITests;
			productName = OnTrackUITests;
			productReference = 1C3B76402BB61D7C008339D6 /* OnTrackUITests.xctest */;
			productType = "com.apple.product-type.bundle.ui-testing";
		};
/* End PBXNativeTarget section */

/* Begin PBXProject section */
		1C3B761E2BB61D7A008339D6 /* Project object */ = {
			isa = PBXProject;
			attributes = {
				BuildIndependentTargetsInParallel = 1;
				LastSwiftUpdateCheck = 1530;
				LastUpgradeCheck = 1530;
				TargetAttributes = {
					1C3B76252BB61D7A008339D6 = {
						CreatedOnToolsVersion = 15.3;
					};
					1C3B76352BB61D7C008339D6 = {
						CreatedOnToolsVersion = 15.3;
						TestTargetID = 1C3B76252BB61D7A008339D6;
					};
					1C3B763F2BB61D7C008339D6 = {
						CreatedOnToolsVersion = 15.3;
						TestTargetID = 1C3B76252BB61D7A008339D6;
					};
				};
			};
			buildConfigurationList = 1C3B76212BB61D7A008339D6 /* Build configuration list for PBXProject "OnTrack" */;
			compatibilityVersion = "Xcode 14.0";
			developmentRegion = en;
			hasScannedForEncodings = 0;
			knownRegions = (
				en,
				Base,
			);
			mainGroup = 1C3B761D2BB61D7A008339D6;
			productRefGroup = 1C3B76272BB61D7A008339D6 /* Products */;
			projectDirPath = "";
			projectRoot = "";
			targets = (
				1C3B76252BB61D7A008339D6 /* OnTrack */,
				1C3B76352BB61D7C008339D6 /* OnTrackTests */,
				1C3B763F2BB61D7C008339D6 /* OnTrackUITests */,
			);
		};
/* End PBXProject section */

/* Begin PBXResourcesBuildPhase section */
		1C3B76242BB61D7A008339D6 /* Resources */ = {
			isa = PBXResourcesBuildPhase;
			buildActionMask = 2147483647;
			files = (
				1C3B76312BB61D7C008339D6 /* Preview Assets.xcassets in Resources */,
				1C3B762E2BB61D7C008339D6 /* Assets.xcassets in Resources */,
			);
			runOnlyForDeploymentPostprocessing = 0;
		};
		1C3B76342BB61D7C008339D6 /* Resources */ = {
			isa = PBXResourcesBuildPhase;
			buildActionMask = 2147483647;
			files = (
			);
			runOnlyForDeploymentPostprocessing = 0;
		};
		1C3B763E2BB61D7C008339D6 /* Resources */ = {
			isa = PBXResourcesBuildPhase;
			buildActionMask = 2147483647;
			files = (
			);
			runOnlyForDeploymentPostprocessing = 0;
		};
/* End PBXResourcesBuildPhase section */

/* Begin PBXSourcesBuildPhase section */
		1C3B76222BB61D7A008339D6 /* Sources */ = {
			isa = PBXSourcesBuildPhase;
			buildActionMask = 2147483647;
			files = (
				FF8C179F2BC5BC5A004D39D7 /* Routine.swift in Sources */,
				FF8C17A22BC5BC5A004D39D7 /* AddRoutineView.swift in Sources */,
				1C3B762C2BB61D7A008339D6 /* ContentView.swift in Sources */,
				FF8C17A02BC5BC5A004D39D7 /* SelectedRoutineView.swift in Sources */,
				FF8C179E2BC5BC5A004D39D7 /* OnboardingView.swift in Sources */,
				1C3B762A2BB61D7A008339D6 /* OnTrackApp.swift in Sources */,
				FF8C17A12BC5BC5A004D39D7 /* ViewModel.swift in Sources */,
			);
			runOnlyForDeploymentPostprocessing = 0;
		};
		1C3B76322BB61D7C008339D6 /* Sources */ = {
			isa = PBXSourcesBuildPhase;
			buildActionMask = 2147483647;
			files = (
				1C3B763B2BB61D7C008339D6 /* OnTrackTests.swift in Sources */,
			);
			runOnlyForDeploymentPostprocessing = 0;
		};
		1C3B763C2BB61D7C008339D6 /* Sources */ = {
			isa = PBXSourcesBuildPhase;
			buildActionMask = 2147483647;
			files = (
				1C3B76452BB61D7C008339D6 /* OnTrackUITests.swift in Sources */,
				1C3B76472BB61D7C008339D6 /* OnTrackUITestsLaunchTests.swift in Sources */,
			);
			runOnlyForDeploymentPostprocessing = 0;
		};
/* End PBXSourcesBuildPhase section */

/* Begin PBXTargetDependency section */
		1C3B76382BB61D7C008339D6 /* PBXTargetDependency */ = {
			isa = PBXTargetDependency;
			target = 1C3B76252BB61D7A008339D6 /* OnTrack */;
			targetProxy = 1C3B76372BB61D7C008339D6 /* PBXContainerItemProxy */;
		};
		1C3B76422BB61D7C008339D6 /* PBXTargetDependency */ = {
			isa = PBXTargetDependency;
			target = 1C3B76252BB61D7A008339D6 /* OnTrack */;
			targetProxy = 1C3B76412BB61D7C008339D6 /* PBXContainerItemProxy */;
		};
/* End PBXTargetDependency section */

/* Begin XCBuildConfiguration section */
		1C3B76482BB61D7C008339D6 /* Debug */ = {
			isa = XCBuildConfiguration;
			buildSettings = {
				ALWAYS_SEARCH_USER_PATHS = NO;
				ASSETCATALOG_COMPILER_GENERATE_SWIFT_ASSET_SYMBOL_EXTENSIONS = YES;
				CLANG_ANALYZER_NONNULL = YES;
				CLANG_ANALYZER_NUMBER_OBJECT_CONVERSION = YES_AGGRESSIVE;
				CLANG_CXX_LANGUAGE_STANDARD = "gnu++20";
				CLANG_ENABLE_MODULES = YES;
				CLANG_ENABLE_OBJC_ARC = YES;
				CLANG_ENABLE_OBJC_WEAK = YES;
				CLANG_WARN_BLOCK_CAPTURE_AUTORELEASING = YES;
				CLANG_WARN_BOOL_CONVERSION = YES;
				CLANG_WARN_COMMA = YES;
				CLANG_WARN_CONSTANT_CONVERSION = YES;
				CLANG_WARN_DEPRECATED_OBJC_IMPLEMENTATIONS = YES;
				CLANG_WARN_DIRECT_OBJC_ISA_USAGE = YES_ERROR;
				CLANG_WARN_DOCUMENTATION_COMMENTS = YES;
				CLANG_WARN_EMPTY_BODY = YES;
				CLANG_WARN_ENUM_CONVERSION = YES;
				CLANG_WARN_INFINITE_RECURSION = YES;
				CLANG_WARN_INT_CONVERSION = YES;
				CLANG_WARN_NON_LITERAL_NULL_CONVERSION = YES;
				CLANG_WARN_OBJC_IMPLICIT_RETAIN_SELF = YES;
				CLANG_WARN_OBJC_LITERAL_CONVERSION = YES;
				CLANG_WARN_OBJC_ROOT_CLASS = YES_ERROR;
				CLANG_WARN_QUOTED_INCLUDE_IN_FRAMEWORK_HEADER = YES;
				CLANG_WARN_RANGE_LOOP_ANALYSIS = YES;
				CLANG_WARN_STRICT_PROTOTYPES = YES;
				CLANG_WARN_SUSPICIOUS_MOVE = YES;
				CLANG_WARN_UNGUARDED_AVAILABILITY = YES_AGGRESSIVE;
				CLANG_WARN_UNREACHABLE_CODE = YES;
				CLANG_WARN__DUPLICATE_METHOD_MATCH = YES;
				COPY_PHASE_STRIP = NO;
				DEBUG_INFORMATION_FORMAT = dwarf;
				ENABLE_STRICT_OBJC_MSGSEND = YES;
				ENABLE_TESTABILITY = YES;
				ENABLE_USER_SCRIPT_SANDBOXING = YES;
				GCC_C_LANGUAGE_STANDARD = gnu17;
				GCC_DYNAMIC_NO_PIC = NO;
				GCC_NO_COMMON_BLOCKS = YES;
				GCC_OPTIMIZATION_LEVEL = 0;
				GCC_PREPROCESSOR_DEFINITIONS = (
					"DEBUG=1",
					"$(inherited)",
				);
				GCC_WARN_64_TO_32_BIT_CONVERSION = YES;
				GCC_WARN_ABOUT_RETURN_TYPE = YES_ERROR;
				GCC_WARN_UNDECLARED_SELECTOR = YES;
				GCC_WARN_UNINITIALIZED_AUTOS = YES_AGGRESSIVE;
				GCC_WARN_UNUSED_FUNCTION = YES;
				GCC_WARN_UNUSED_VARIABLE = YES;
				IPHONEOS_DEPLOYMENT_TARGET = 17.4;
				LOCALIZATION_PREFERS_STRING_CATALOGS = YES;
				MTL_ENABLE_DEBUG_INFO = INCLUDE_SOURCE;
				MTL_FAST_MATH = YES;
				ONLY_ACTIVE_ARCH = YES;
				SDKROOT = iphoneos;
				SWIFT_ACTIVE_COMPILATION_CONDITIONS = "DEBUG $(inherited)";
				SWIFT_OPTIMIZATION_LEVEL = "-Onone";
			};
			name = Debug;
		};
		1C3B76492BB61D7C008339D6 /* Release */ = {
			isa = XCBuildConfiguration;
			buildSettings = {
				ALWAYS_SEARCH_USER_PATHS = NO;
				ASSETCATALOG_COMPILER_GENERATE_SWIFT_ASSET_SYMBOL_EXTENSIONS = YES;
				CLANG_ANALYZER_NONNULL = YES;
				CLANG_ANALYZER_NUMBER_OBJECT_CONVERSION = YES_AGGRESSIVE;
				CLANG_CXX_LANGUAGE_STANDARD = "gnu++20";
				CLANG_ENABLE_MODULES = YES;
				CLANG_ENABLE_OBJC_ARC = YES;
				CLANG_ENABLE_OBJC_WEAK = YES;
				CLANG_WARN_BLOCK_CAPTURE_AUTORELEASING = YES;
				CLANG_WARN_BOOL_CONVERSION = YES;
				CLANG_WARN_COMMA = YES;
				CLANG_WARN_CONSTANT_CONVERSION = YES;
				CLANG_WARN_DEPRECATED_OBJC_IMPLEMENTATIONS = YES;
				CLANG_WARN_DIRECT_OBJC_ISA_USAGE = YES_ERROR;
				CLANG_WARN_DOCUMENTATION_COMMENTS = YES;
				CLANG_WARN_EMPTY_BODY = YES;
				CLANG_WARN_ENUM_CONVERSION = YES;
				CLANG_WARN_INFINITE_RECURSION = YES;
				CLANG_WARN_INT_CONVERSION = YES;
				CLANG_WARN_NON_LITERAL_NULL_CONVERSION = YES;
				CLANG_WARN_OBJC_IMPLICIT_RETAIN_SELF = YES;
				CLANG_WARN_OBJC_LITERAL_CONVERSION = YES;
				CLANG_WARN_OBJC_ROOT_CLASS = YES_ERROR;
				CLANG_WARN_QUOTED_INCLUDE_IN_FRAMEWORK_HEADER = YES;
				CLANG_WARN_RANGE_LOOP_ANALYSIS = YES;
				CLANG_WARN_STRICT_PROTOTYPES = YES;
				CLANG_WARN_SUSPICIOUS_MOVE = YES;
				CLANG_WARN_UNGUARDED_AVAILABILITY = YES_AGGRESSIVE;
				CLANG_WARN_UNREACHABLE_CODE = YES;
				CLANG_WARN__DUPLICATE_METHOD_MATCH = YES;
				COPY_PHASE_STRIP = NO;
				DEBUG_INFORMATION_FORMAT = "dwarf-with-dsym";
				ENABLE_NS_ASSERTIONS = NO;
				ENABLE_STRICT_OBJC_MSGSEND = YES;
				ENABLE_USER_SCRIPT_SANDBOXING = YES;
				GCC_C_LANGUAGE_STANDARD = gnu17;
				GCC_NO_COMMON_BLOCKS = YES;
				GCC_WARN_64_TO_32_BIT_CONVERSION = YES;
				GCC_WARN_ABOUT_RETURN_TYPE = YES_ERROR;
				GCC_WARN_UNDECLARED_SELECTOR = YES;
				GCC_WARN_UNINITIALIZED_AUTOS = YES_AGGRESSIVE;
				GCC_WARN_UNUSED_FUNCTION = YES;
				GCC_WARN_UNUSED_VARIABLE = YES;
				IPHONEOS_DEPLOYMENT_TARGET = 17.4;
				LOCALIZATION_PREFERS_STRING_CATALOGS = YES;
				MTL_ENABLE_DEBUG_INFO = NO;
				MTL_FAST_MATH = YES;
				SDKROOT = iphoneos;
				SWIFT_COMPILATION_MODE = wholemodule;
				VALIDATE_PRODUCT = YES;
			};
			name = Release;
		};
		1C3B764B2BB61D7C008339D6 /* Debug */ = {
			isa = XCBuildConfiguration;
			buildSettings = {
				ASSETCATALOG_COMPILER_APPICON_NAME = AppIcon;
				ASSETCATALOG_COMPILER_GLOBAL_ACCENT_COLOR_NAME = AccentColor;
				ASSETCATALOG_COMPILER_INCLUDE_ALL_APPICON_ASSETS = NO;
				CODE_SIGN_STYLE = Automatic;
				CURRENT_PROJECT_VERSION = 1;
				DEVELOPMENT_ASSET_PATHS = "\"OnTrack/Preview Content\"";
				DEVELOPMENT_TEAM = Y7NL9XLUR5;
				ENABLE_PREVIEWS = YES;
				GENERATE_INFOPLIST_FILE = YES;
				INFOPLIST_KEY_UIApplicationSceneManifest_Generation = YES;
				INFOPLIST_KEY_UIApplicationSupportsIndirectInputEvents = YES;
				INFOPLIST_KEY_UILaunchScreen_Generation = YES;
				INFOPLIST_KEY_UISupportedInterfaceOrientations_iPad = "UIInterfaceOrientationPortrait UIInterfaceOrientationPortraitUpsideDown UIInterfaceOrientationLandscapeLeft UIInterfaceOrientationLandscapeRight";
				INFOPLIST_KEY_UISupportedInterfaceOrientations_iPhone = "UIInterfaceOrientationPortrait UIInterfaceOrientationLandscapeLeft UIInterfaceOrientationLandscapeRight";
				IPHONEOS_DEPLOYMENT_TARGET = 16.0;
				LD_RUNPATH_SEARCH_PATHS = (
					"$(inherited)",
					"@executable_path/Frameworks",
				);
				MARKETING_VERSION = 1.0;
				PRODUCT_BUNDLE_IDENTIFIER = com.enam.OnTrack;
				PRODUCT_NAME = "$(TARGET_NAME)";
				SWIFT_EMIT_LOC_STRINGS = YES;
				SWIFT_VERSION = 5.0;
				TARGETED_DEVICE_FAMILY = "1,2";
			};
			name = Debug;
		};
		1C3B764C2BB61D7C008339D6 /* Release */ = {
			isa = XCBuildConfiguration;
			buildSettings = {
				ASSETCATALOG_COMPILER_APPICON_NAME = AppIcon;
				ASSETCATALOG_COMPILER_GLOBAL_ACCENT_COLOR_NAME = AccentColor;
				ASSETCATALOG_COMPILER_INCLUDE_ALL_APPICON_ASSETS = NO;
				CODE_SIGN_STYLE = Automatic;
				CURRENT_PROJECT_VERSION = 1;
				DEVELOPMENT_ASSET_PATHS = "\"OnTrack/Preview Content\"";
				DEVELOPMENT_TEAM = Y7NL9XLUR5;
				ENABLE_PREVIEWS = YES;
				GENERATE_INFOPLIST_FILE = YES;
				INFOPLIST_KEY_UIApplicationSceneManifest_Generation = YES;
				INFOPLIST_KEY_UIApplicationSupportsIndirectInputEvents = YES;
				INFOPLIST_KEY_UILaunchScreen_Generation = YES;
				INFOPLIST_KEY_UISupportedInterfaceOrientations_iPad = "UIInterfaceOrientationPortrait UIInterfaceOrientationPortraitUpsideDown UIInterfaceOrientationLandscapeLeft UIInterfaceOrientationLandscapeRight";
				INFOPLIST_KEY_UISupportedInterfaceOrientations_iPhone = "UIInterfaceOrientationPortrait UIInterfaceOrientationLandscapeLeft UIInterfaceOrientationLandscapeRight";
				IPHONEOS_DEPLOYMENT_TARGET = 16.0;
				LD_RUNPATH_SEARCH_PATHS = (
					"$(inherited)",
					"@executable_path/Frameworks",
				);
				MARKETING_VERSION = 1.0;
				PRODUCT_BUNDLE_IDENTIFIER = com.enam.OnTrack;
				PRODUCT_NAME = "$(TARGET_NAME)";
				SWIFT_EMIT_LOC_STRINGS = YES;
				SWIFT_VERSION = 5.0;
				TARGETED_DEVICE_FAMILY = "1,2";
			};
			name = Release;
		};
		1C3B764E2BB61D7C008339D6 /* Debug */ = {
			isa = XCBuildConfiguration;
			buildSettings = {
				ALWAYS_EMBED_SWIFT_STANDARD_LIBRARIES = YES;
				BUNDLE_LOADER = "$(TEST_HOST)";
				CODE_SIGN_STYLE = Automatic;
				CURRENT_PROJECT_VERSION = 1;
				DEVELOPMENT_TEAM = M3A8N5V6PL;
				GENERATE_INFOPLIST_FILE = YES;
				IPHONEOS_DEPLOYMENT_TARGET = 17.4;
				MARKETING_VERSION = 1.0;
				PRODUCT_BUNDLE_IDENTIFIER = com.enam.OnTrackTests;
				PRODUCT_NAME = "$(TARGET_NAME)";
				SWIFT_EMIT_LOC_STRINGS = NO;
				SWIFT_VERSION = 5.0;
				TARGETED_DEVICE_FAMILY = "1,2";
				TEST_HOST = "$(BUILT_PRODUCTS_DIR)/OnTrack.app/$(BUNDLE_EXECUTABLE_FOLDER_PATH)/OnTrack";
			};
			name = Debug;
		};
		1C3B764F2BB61D7C008339D6 /* Release */ = {
			isa = XCBuildConfiguration;
			buildSettings = {
				ALWAYS_EMBED_SWIFT_STANDARD_LIBRARIES = YES;
				BUNDLE_LOADER = "$(TEST_HOST)";
				CODE_SIGN_STYLE = Automatic;
				CURRENT_PROJECT_VERSION = 1;
				DEVELOPMENT_TEAM = M3A8N5V6PL;
				GENERATE_INFOPLIST_FILE = YES;
				IPHONEOS_DEPLOYMENT_TARGET = 17.4;
				MARKETING_VERSION = 1.0;
				PRODUCT_BUNDLE_IDENTIFIER = com.enam.OnTrackTests;
				PRODUCT_NAME = "$(TARGET_NAME)";
				SWIFT_EMIT_LOC_STRINGS = NO;
				SWIFT_VERSION = 5.0;
				TARGETED_DEVICE_FAMILY = "1,2";
				TEST_HOST = "$(BUILT_PRODUCTS_DIR)/OnTrack.app/$(BUNDLE_EXECUTABLE_FOLDER_PATH)/OnTrack";
			};
			name = Release;
		};
		1C3B76512BB61D7C008339D6 /* Debug */ = {
			isa = XCBuildConfiguration;
			buildSettings = {
				ALWAYS_EMBED_SWIFT_STANDARD_LIBRARIES = YES;
				CODE_SIGN_STYLE = Automatic;
				CURRENT_PROJECT_VERSION = 1;
				DEVELOPMENT_TEAM = M3A8N5V6PL;
				GENERATE_INFOPLIST_FILE = YES;
				MARKETING_VERSION = 1.0;
				PRODUCT_BUNDLE_IDENTIFIER = com.enam.OnTrackUITests;
				PRODUCT_NAME = "$(TARGET_NAME)";
				SWIFT_EMIT_LOC_STRINGS = NO;
				SWIFT_VERSION = 5.0;
				TARGETED_DEVICE_FAMILY = "1,2";
				TEST_TARGET_NAME = OnTrack;
			};
			name = Debug;
		};
		1C3B76522BB61D7C008339D6 /* Release */ = {
			isa = XCBuildConfiguration;
			buildSettings = {
				ALWAYS_EMBED_SWIFT_STANDARD_LIBRARIES = YES;
				CODE_SIGN_STYLE = Automatic;
				CURRENT_PROJECT_VERSION = 1;
				DEVELOPMENT_TEAM = M3A8N5V6PL;
				GENERATE_INFOPLIST_FILE = YES;
				MARKETING_VERSION = 1.0;
				PRODUCT_BUNDLE_IDENTIFIER = com.enam.OnTrackUITests;
				PRODUCT_NAME = "$(TARGET_NAME)";
				SWIFT_EMIT_LOC_STRINGS = NO;
				SWIFT_VERSION = 5.0;
				TARGETED_DEVICE_FAMILY = "1,2";
				TEST_TARGET_NAME = OnTrack;
			};
			name = Release;
		};
/* End XCBuildConfiguration section */

/* Begin XCConfigurationList section */
		1C3B76212BB61D7A008339D6 /* Build configuration list for PBXProject "OnTrack" */ = {
			isa = XCConfigurationList;
			buildConfigurations = (
				1C3B76482BB61D7C008339D6 /* Debug */,
				1C3B76492BB61D7C008339D6 /* Release */,
			);
			defaultConfigurationIsVisible = 0;
			defaultConfigurationName = Release;
		};
		1C3B764A2BB61D7C008339D6 /* Build configuration list for PBXNativeTarget "OnTrack" */ = {
			isa = XCConfigurationList;
			buildConfigurations = (
				1C3B764B2BB61D7C008339D6 /* Debug */,
				1C3B764C2BB61D7C008339D6 /* Release */,
			);
			defaultConfigurationIsVisible = 0;
			defaultConfigurationName = Release;
		};
		1C3B764D2BB61D7C008339D6 /* Build configuration list for PBXNativeTarget "OnTrackTests" */ = {
			isa = XCConfigurationList;
			buildConfigurations = (
				1C3B764E2BB61D7C008339D6 /* Debug */,
				1C3B764F2BB61D7C008339D6 /* Release */,
			);
			defaultConfigurationIsVisible = 0;
			defaultConfigurationName = Release;
		};
		1C3B76502BB61D7C008339D6 /* Build configuration list for PBXNativeTarget "OnTrackUITests" */ = {
			isa = XCConfigurationList;
			buildConfigurations = (
				1C3B76512BB61D7C008339D6 /* Debug */,
				1C3B76522BB61D7C008339D6 /* Release */,
			);
			defaultConfigurationIsVisible = 0;
			defaultConfigurationName = Release;
		};
/* End XCConfigurationList section */
	};
	rootObject = 1C3B761E2BB61D7A008339D6 /* Project object */;
}
